
Microsoft Visual Studio Solution File, Format Version 12.00
# Visual Studio Version 17
VisualStudioVersion = 17.10.35013.160
MinimumVisualStudioVersion = 10.0.40219.1
Project("{2150E333-8FDC-42A3-9474-1A3956D46DE8}") = "src", "src", "{C9A01AC3-4FE8-401E-8694-00553B246632}"
EndProject
Project("{9A19103F-16F7-4668-BE54-9A1E7A4F7556}") = "ITS.BiblioAccess.Domain", "src\ITS.BiblioAccess.Domain\ITS.BiblioAccess.Domain.csproj", "{E285897A-CAD1-4DB2-8A4D-873E4DB139C7}"
EndProject
Project("{9A19103F-16F7-4668-BE54-9A1E7A4F7556}") = "ITS.BiblioAccess.Application", "src\ITS.BiblioAccess.Application\ITS.BiblioAccess.Application.csproj", "{102B8303-5EA0-41A3-B103-67A281985BED}"
EndProject
Project("{9A19103F-16F7-4668-BE54-9A1E7A4F7556}") = "ITS.BiblioAccess.Infrastructure", "src\ITS.BiblioAccess.Infrastructure\ITS.BiblioAccess.Infrastructure.csproj", "{89F4A3FA-1C0E-4D1D-A608-E7973C019A88}"
EndProject
Project("{9A19103F-16F7-4668-BE54-9A1E7A4F7556}") = "ITS.BiblioAccess.Presentation", "src\ITS.BiblioAccess.Presentation\ITS.BiblioAccess.Presentation.csproj", "{B201A12E-7417-4CBB-BF70-BD786140A7DB}"
EndProject
Project("{54435603-DBB4-11D2-8724-00A0C9A8B90C}") = "Setup", "src\Setup\Setup.vdproj", "{ACFC3AD2-0C8D-4653-92FF-B3D8D89E284E}"
EndProject
Global
	GlobalSection(SolutionConfigurationPlatforms) = preSolution
		Debug|Any CPU = Debug|Any CPU
		Debug|ARM = Debug|ARM
		Debug|ARM64 = Debug|ARM64
		Debug|x64 = Debug|x64
		Debug|x86 = Debug|x86
		Release|Any CPU = Release|Any CPU
		Release|ARM = Release|ARM
		Release|ARM64 = Release|ARM64
		Release|x64 = Release|x64
		Release|x86 = Release|x86
	EndGlobalSection
	GlobalSection(ProjectConfigurationPlatforms) = postSolution
		{E285897A-CAD1-4DB2-8A4D-873E4DB139C7}.Debug|Any CPU.ActiveCfg = Debug|Any CPU
		{E285897A-CAD1-4DB2-8A4D-873E4DB139C7}.Debug|Any CPU.Build.0 = Debug|Any CPU
		{E285897A-CAD1-4DB2-8A4D-873E4DB139C7}.Debug|ARM.ActiveCfg = Debug|Any CPU
		{E285897A-CAD1-4DB2-8A4D-873E4DB139C7}.Debug|ARM.Build.0 = Debug|Any CPU
		{E285897A-CAD1-4DB2-8A4D-873E4DB139C7}.Debug|ARM64.ActiveCfg = Debug|Any CPU
		{E285897A-CAD1-4DB2-8A4D-873E4DB139C7}.Debug|ARM64.Build.0 = Debug|Any CPU
		{E285897A-CAD1-4DB2-8A4D-873E4DB139C7}.Debug|x64.ActiveCfg = Debug|Any CPU
		{E285897A-CAD1-4DB2-8A4D-873E4DB139C7}.Debug|x64.Build.0 = Debug|Any CPU
		{E285897A-CAD1-4DB2-8A4D-873E4DB139C7}.Debug|x86.ActiveCfg = Debug|Any CPU
		{E285897A-CAD1-4DB2-8A4D-873E4DB139C7}.Debug|x86.Build.0 = Debug|Any CPU
		{E285897A-CAD1-4DB2-8A4D-873E4DB139C7}.Release|Any CPU.ActiveCfg = Release|Any CPU
		{E285897A-CAD1-4DB2-8A4D-873E4DB139C7}.Release|Any CPU.Build.0 = Release|Any CPU
		{E285897A-CAD1-4DB2-8A4D-873E4DB139C7}.Release|ARM.ActiveCfg = Release|Any CPU
		{E285897A-CAD1-4DB2-8A4D-873E4DB139C7}.Release|ARM.Build.0 = Release|Any CPU
		{E285897A-CAD1-4DB2-8A4D-873E4DB139C7}.Release|ARM64.ActiveCfg = Release|Any CPU
		{E285897A-CAD1-4DB2-8A4D-873E4DB139C7}.Release|ARM64.Build.0 = Release|Any CPU
		{E285897A-CAD1-4DB2-8A4D-873E4DB139C7}.Release|x64.ActiveCfg = Release|Any CPU
		{E285897A-CAD1-4DB2-8A4D-873E4DB139C7}.Release|x64.Build.0 = Release|Any CPU
		{E285897A-CAD1-4DB2-8A4D-873E4DB139C7}.Release|x86.ActiveCfg = Release|Any CPU
		{E285897A-CAD1-4DB2-8A4D-873E4DB139C7}.Release|x86.Build.0 = Release|Any CPU
		{102B8303-5EA0-41A3-B103-67A281985BED}.Debug|Any CPU.ActiveCfg = Debug|Any CPU
		{102B8303-5EA0-41A3-B103-67A281985BED}.Debug|Any CPU.Build.0 = Debug|Any CPU
		{102B8303-5EA0-41A3-B103-67A281985BED}.Debug|ARM.ActiveCfg = Debug|Any CPU
		{102B8303-5EA0-41A3-B103-67A281985BED}.Debug|ARM.Build.0 = Debug|Any CPU
		{102B8303-5EA0-41A3-B103-67A281985BED}.Debug|ARM64.ActiveCfg = Debug|Any CPU
		{102B8303-5EA0-41A3-B103-67A281985BED}.Debug|ARM64.Build.0 = Debug|Any CPU
		{102B8303-5EA0-41A3-B103-67A281985BED}.Debug|x64.ActiveCfg = Debug|Any CPU
		{102B8303-5EA0-41A3-B103-67A281985BED}.Debug|x64.Build.0 = Debug|Any CPU
		{102B8303-5EA0-41A3-B103-67A281985BED}.Debug|x86.ActiveCfg = Debug|Any CPU
		{102B8303-5EA0-41A3-B103-67A281985BED}.Debug|x86.Build.0 = Debug|Any CPU
		{102B8303-5EA0-41A3-B103-67A281985BED}.Release|Any CPU.ActiveCfg = Release|Any CPU
		{102B8303-5EA0-41A3-B103-67A281985BED}.Release|Any CPU.Build.0 = Release|Any CPU
		{102B8303-5EA0-41A3-B103-67A281985BED}.Release|ARM.ActiveCfg = Release|Any CPU
		{102B8303-5EA0-41A3-B103-67A281985BED}.Release|ARM.Build.0 = Release|Any CPU
		{102B8303-5EA0-41A3-B103-67A281985BED}.Release|ARM64.ActiveCfg = Release|Any CPU
		{102B8303-5EA0-41A3-B103-67A281985BED}.Release|ARM64.Build.0 = Release|Any CPU
		{102B8303-5EA0-41A3-B103-67A281985BED}.Release|x64.ActiveCfg = Release|Any CPU
		{102B8303-5EA0-41A3-B103-67A281985BED}.Release|x64.Build.0 = Release|Any CPU
		{102B8303-5EA0-41A3-B103-67A281985BED}.Release|x86.ActiveCfg = Release|Any CPU
		{102B8303-5EA0-41A3-B103-67A281985BED}.Release|x86.Build.0 = Release|Any CPU
		{89F4A3FA-1C0E-4D1D-A608-E7973C019A88}.Debug|Any CPU.ActiveCfg = Debug|Any CPU
		{89F4A3FA-1C0E-4D1D-A608-E7973C019A88}.Debug|Any CPU.Build.0 = Debug|Any CPU
		{89F4A3FA-1C0E-4D1D-A608-E7973C019A88}.Debug|ARM.ActiveCfg = Debug|Any CPU
		{89F4A3FA-1C0E-4D1D-A608-E7973C019A88}.Debug|ARM.Build.0 = Debug|Any CPU
		{89F4A3FA-1C0E-4D1D-A608-E7973C019A88}.Debug|ARM64.ActiveCfg = Debug|Any CPU
		{89F4A3FA-1C0E-4D1D-A608-E7973C019A88}.Debug|ARM64.Build.0 = Debug|Any CPU
		{89F4A3FA-1C0E-4D1D-A608-E7973C019A88}.Debug|x64.ActiveCfg = Debug|Any CPU
		{89F4A3FA-1C0E-4D1D-A608-E7973C019A88}.Debug|x64.Build.0 = Debug|Any CPU
		{89F4A3FA-1C0E-4D1D-A608-E7973C019A88}.Debug|x86.ActiveCfg = Debug|Any CPU
		{89F4A3FA-1C0E-4D1D-A608-E7973C019A88}.Debug|x86.Build.0 = Debug|Any CPU
		{89F4A3FA-1C0E-4D1D-A608-E7973C019A88}.Release|Any CPU.ActiveCfg = Release|Any CPU
		{89F4A3FA-1C0E-4D1D-A608-E7973C019A88}.Release|Any CPU.Build.0 = Release|Any CPU
		{89F4A3FA-1C0E-4D1D-A608-E7973C019A88}.Release|ARM.ActiveCfg = Release|Any CPU
		{89F4A3FA-1C0E-4D1D-A608-E7973C019A88}.Release|ARM.Build.0 = Release|Any CPU
		{89F4A3FA-1C0E-4D1D-A608-E7973C019A88}.Release|ARM64.ActiveCfg = Release|Any CPU
		{89F4A3FA-1C0E-4D1D-A608-E7973C019A88}.Release|ARM64.Build.0 = Release|Any CPU
		{89F4A3FA-1C0E-4D1D-A608-E7973C019A88}.Release|x64.ActiveCfg = Release|Any CPU
		{89F4A3FA-1C0E-4D1D-A608-E7973C019A88}.Release|x64.Build.0 = Release|Any CPU
		{89F4A3FA-1C0E-4D1D-A608-E7973C019A88}.Release|x86.ActiveCfg = Release|Any CPU
		{89F4A3FA-1C0E-4D1D-A608-E7973C019A88}.Release|x86.Build.0 = Release|Any CPU
		{B201A12E-7417-4CBB-BF70-BD786140A7DB}.Debug|Any CPU.ActiveCfg = Debug|Any CPU
		{B201A12E-7417-4CBB-BF70-BD786140A7DB}.Debug|Any CPU.Build.0 = Debug|Any CPU
		{B201A12E-7417-4CBB-BF70-BD786140A7DB}.Debug|ARM.ActiveCfg = Debug|Any CPU
		{B201A12E-7417-4CBB-BF70-BD786140A7DB}.Debug|ARM.Build.0 = Debug|Any CPU
		{B201A12E-7417-4CBB-BF70-BD786140A7DB}.Debug|ARM64.ActiveCfg = Debug|Any CPU
		{B201A12E-7417-4CBB-BF70-BD786140A7DB}.Debug|ARM64.Build.0 = Debug|Any CPU
		{B201A12E-7417-4CBB-BF70-BD786140A7DB}.Debug|x64.ActiveCfg = Debug|Any CPU
		{B201A12E-7417-4CBB-BF70-BD786140A7DB}.Debug|x64.Build.0 = Debug|Any CPU
		{B201A12E-7417-4CBB-BF70-BD786140A7DB}.Debug|x86.ActiveCfg = Debug|Any CPU
		{B201A12E-7417-4CBB-BF70-BD786140A7DB}.Debug|x86.Build.0 = Debug|Any CPU
		{B201A12E-7417-4CBB-BF70-BD786140A7DB}.Release|Any CPU.ActiveCfg = Release|Any CPU
		{B201A12E-7417-4CBB-BF70-BD786140A7DB}.Release|Any CPU.Build.0 = Release|Any CPU
		{B201A12E-7417-4CBB-BF70-BD786140A7DB}.Release|ARM.ActiveCfg = Release|Any CPU
		{B201A12E-7417-4CBB-BF70-BD786140A7DB}.Release|ARM.Build.0 = Release|Any CPU
		{B201A12E-7417-4CBB-BF70-BD786140A7DB}.Release|ARM64.ActiveCfg = Release|Any CPU
		{B201A12E-7417-4CBB-BF70-BD786140A7DB}.Release|ARM64.Build.0 = Release|Any CPU
		{B201A12E-7417-4CBB-BF70-BD786140A7DB}.Release|x64.ActiveCfg = Release|Any CPU
		{B201A12E-7417-4CBB-BF70-BD786140A7DB}.Release|x64.Build.0 = Release|Any CPU
		{B201A12E-7417-4CBB-BF70-BD786140A7DB}.Release|x86.ActiveCfg = Release|Any CPU
		{B201A12E-7417-4CBB-BF70-BD786140A7DB}.Release|x86.Build.0 = Release|Any CPU
		{ACFC3AD2-0C8D-4653-92FF-B3D8D89E284E}.Debug|Any CPU.ActiveCfg = Debug
		{ACFC3AD2-0C8D-4653-92FF-B3D8D89E284E}.Debug|ARM.ActiveCfg = Debug
		{ACFC3AD2-0C8D-4653-92FF-B3D8D89E284E}.Debug|ARM64.ActiveCfg = Debug
		{ACFC3AD2-0C8D-4653-92FF-B3D8D89E284E}.Debug|x64.ActiveCfg = Debug
		{ACFC3AD2-0C8D-4653-92FF-B3D8D89E284E}.Debug|x86.ActiveCfg = Debug
		{ACFC3AD2-0C8D-4653-92FF-B3D8D89E284E}.Release|Any CPU.ActiveCfg = Release
		{ACFC3AD2-0C8D-4653-92FF-B3D8D89E284E}.Release|ARM.ActiveCfg = Release
		{ACFC3AD2-0C8D-4653-92FF-B3D8D89E284E}.Release|ARM64.ActiveCfg = Release
		{ACFC3AD2-0C8D-4653-92FF-B3D8D89E284E}.Release|x64.ActiveCfg = Release
		{ACFC3AD2-0C8D-4653-92FF-B3D8D89E284E}.Release|x86.ActiveCfg = Release
	EndGlobalSection
	GlobalSection(SolutionProperties) = preSolution
		HideSolutionNode = FALSE
	EndGlobalSection
	GlobalSection(NestedProjects) = preSolution
		{E285897A-CAD1-4DB2-8A4D-873E4DB139C7} = {C9A01AC3-4FE8-401E-8694-00553B246632}
		{102B8303-5EA0-41A3-B103-67A281985BED} = {C9A01AC3-4FE8-401E-8694-00553B246632}
		{89F4A3FA-1C0E-4D1D-A608-E7973C019A88} = {C9A01AC3-4FE8-401E-8694-00553B246632}
		{B201A12E-7417-4CBB-BF70-BD786140A7DB} = {C9A01AC3-4FE8-401E-8694-00553B246632}
		{ACFC3AD2-0C8D-4653-92FF-B3D8D89E284E} = {C9A01AC3-4FE8-401E-8694-00553B246632}
	EndGlobalSection
	GlobalSection(ExtensibilityGlobals) = postSolution
		SolutionGuid = {2CA023D6-5D27-4C56-B768-D69C51250458}
	EndGlobalSection
EndGlobal
